
Microsoft Visual Studio Solution File, Format Version 12.00
# Visual Studio 15
VisualStudioVersion = 15.0.27428.2043
MinimumVisualStudioVersion = 10.0.40219.1
Project("{FAE04EC0-301F-11D3-BF4B-00C04F79EFBC}") = "Mr Squirrely Converters", "SquirrelyConverter\Mr Squirrely Converters.csproj", "{A934AF48-6FFB-4B02-B93C-9787BD59C0C3}"
EndProject
Project("{FAE04EC0-301F-11D3-BF4B-00C04F79EFBC}") = "ImageConverter", "ImageConverter\ImageConverter.csproj", "{4ABFB21B-9C79-4483-8D3D-A729292DE628}"
EndProject
Project("{FAE04EC0-301F-11D3-BF4B-00C04F79EFBC}") = "VideoConverter", "VideoConverter\VideoConverter.csproj", "{AC9886BE-DADC-468A-9C00-2F28EB39F080}"
EndProject
Project("{FAE04EC0-301F-11D3-BF4B-00C04F79EFBC}") = "ConverterUtilities", "ConverterUtilities\ConverterUtilities.csproj", "{6E3DF504-FD4E-4520-B104-241B995F8976}"
EndProject
Project("{FAE04EC0-301F-11D3-BF4B-00C04F79EFBC}") = "Installer", "Installer\Installer.csproj", "{A3593527-4EC1-4C60-8AF1-E9FEC9FECD15}"
	ProjectSection(ProjectDependencies) = postProject
		{6E3DF504-FD4E-4520-B104-241B995F8976} = {6E3DF504-FD4E-4520-B104-241B995F8976}
	EndProjectSection
EndProject
Project("{FAE04EC0-301F-11D3-BF4B-00C04F79EFBC}") = "Uninstall", "Uninstall\Uninstall.csproj", "{684CF948-2390-4E77-974A-E8F91B63703F}"
EndProject
Global
	GlobalSection(SolutionConfigurationPlatforms) = preSolution
		Debug|Any CPU = Debug|Any CPU
		Release|Any CPU = Release|Any CPU
	EndGlobalSection
	GlobalSection(ProjectConfigurationPlatforms) = postSolution
		{A934AF48-6FFB-4B02-B93C-9787BD59C0C3}.Debug|Any CPU.ActiveCfg = Debug|Any CPU
		{A934AF48-6FFB-4B02-B93C-9787BD59C0C3}.Debug|Any CPU.Build.0 = Debug|Any CPU
		{A934AF48-6FFB-4B02-B93C-9787BD59C0C3}.Release|Any CPU.ActiveCfg = Release|Any CPU
		{A934AF48-6FFB-4B02-B93C-9787BD59C0C3}.Release|Any CPU.Build.0 = Release|Any CPU
		{4ABFB21B-9C79-4483-8D3D-A729292DE628}.Debug|Any CPU.ActiveCfg = Debug|Any CPU
		{4ABFB21B-9C79-4483-8D3D-A729292DE628}.Debug|Any CPU.Build.0 = Debug|Any CPU
		{4ABFB21B-9C79-4483-8D3D-A729292DE628}.Release|Any CPU.ActiveCfg = Release|Any CPU
		{4ABFB21B-9C79-4483-8D3D-A729292DE628}.Release|Any CPU.Build.0 = Release|Any CPU
		{AC9886BE-DADC-468A-9C00-2F28EB39F080}.Debug|Any CPU.ActiveCfg = Debug|Any CPU
		{AC9886BE-DADC-468A-9C00-2F28EB39F080}.Debug|Any CPU.Build.0 = Debug|Any CPU
		{AC9886BE-DADC-468A-9C00-2F28EB39F080}.Release|Any CPU.ActiveCfg = Release|Any CPU
		{AC9886BE-DADC-468A-9C00-2F28EB39F080}.Release|Any CPU.Build.0 = Release|Any CPU
		{6E3DF504-FD4E-4520-B104-241B995F8976}.Debug|Any CPU.ActiveCfg = Debug|Any CPU
		{6E3DF504-FD4E-4520-B104-241B995F8976}.Debug|Any CPU.Build.0 = Debug|Any CPU
		{6E3DF504-FD4E-4520-B104-241B995F8976}.Release|Any CPU.ActiveCfg = Release|Any CPU
		{6E3DF504-FD4E-4520-B104-241B995F8976}.Release|Any CPU.Build.0 = Release|Any CPU
		{A3593527-4EC1-4C60-8AF1-E9FEC9FECD15}.Debug|Any CPU.ActiveCfg = Debug|Any CPU
		{A3593527-4EC1-4C60-8AF1-E9FEC9FECD15}.Debug|Any CPU.Build.0 = Debug|Any CPU
		{A3593527-4EC1-4C60-8AF1-E9FEC9FECD15}.Release|Any CPU.ActiveCfg = Release|Any CPU
		{A3593527-4EC1-4C60-8AF1-E9FEC9FECD15}.Release|Any CPU.Build.0 = Release|Any CPU
		{684CF948-2390-4E77-974A-E8F91B63703F}.Debug|Any CPU.ActiveCfg = Debug|Any CPU
		{684CF948-2390-4E77-974A-E8F91B63703F}.Debug|Any CPU.Build.0 = Debug|Any CPU
		{684CF948-2390-4E77-974A-E8F91B63703F}.Release|Any CPU.ActiveCfg = Release|Any CPU
		{684CF948-2390-4E77-974A-E8F91B63703F}.Release|Any CPU.Build.0 = Release|Any CPU
	EndGlobalSection
	GlobalSection(SolutionProperties) = preSolution
		HideSolutionNode = FALSE
	EndGlobalSection
	GlobalSection(ExtensibilityGlobals) = postSolution
		SolutionGuid = {2936DDDD-7CB0-4E8E-84FE-098CB00F201B}
	EndGlobalSection
EndGlobal
