
Microsoft Visual Studio Solution File, Format Version 12.00
# Visual Studio 15
VisualStudioVersion = 15.0.27130.2010
MinimumVisualStudioVersion = 10.0.40219.1
Project("{FAE04EC0-301F-11D3-BF4B-00C04F79EFBC}") = "WebPConverter", "WebPConverter\WebPConverter.csproj", "{818964BD-B66C-49D7-ADB2-C066AEDEBE17}"
EndProject
Project("{FAE04EC0-301F-11D3-BF4B-00C04F79EFBC}") = "WebMConverter", "WebMConverter\WebMConverter.csproj", "{440488C4-E742-40EB-9405-E1D883D72290}"
EndProject
Global
	GlobalSection(SolutionConfigurationPlatforms) = preSolution
		Debug|Any CPU = Debug|Any CPU
		Release|Any CPU = Release|Any CPU
	EndGlobalSection
	GlobalSection(ProjectConfigurationPlatforms) = postSolution
		{818964BD-B66C-49D7-ADB2-C066AEDEBE17}.Debug|Any CPU.ActiveCfg = Debug|Any CPU
		{818964BD-B66C-49D7-ADB2-C066AEDEBE17}.Debug|Any CPU.Build.0 = Debug|Any CPU
		{818964BD-B66C-49D7-ADB2-C066AEDEBE17}.Release|Any CPU.ActiveCfg = Release|Any CPU
		{818964BD-B66C-49D7-ADB2-C066AEDEBE17}.Release|Any CPU.Build.0 = Release|Any CPU
		{440488C4-E742-40EB-9405-E1D883D72290}.Debug|Any CPU.ActiveCfg = Debug|Any CPU
		{440488C4-E742-40EB-9405-E1D883D72290}.Debug|Any CPU.Build.0 = Debug|Any CPU
		{440488C4-E742-40EB-9405-E1D883D72290}.Release|Any CPU.ActiveCfg = Release|Any CPU
		{440488C4-E742-40EB-9405-E1D883D72290}.Release|Any CPU.Build.0 = Release|Any CPU
	EndGlobalSection
	GlobalSection(SolutionProperties) = preSolution
		HideSolutionNode = FALSE
	EndGlobalSection
	GlobalSection(ExtensibilityGlobals) = postSolution
		SolutionGuid = {D1EB6016-C352-4EAE-A298-897581B663A8}
	EndGlobalSection
EndGlobal
